
Microsoft Visual Studio Solution File, Format Version 12.00
# Visual Studio Version 16
VisualStudioVersion = 16.0.29519.87
MinimumVisualStudioVersion = 10.0.40219.1
Project("{9A19103F-16F7-4668-BE54-9A1E7A4F7556}") = "API", "Practice\API.csproj", "{3AC14506-C3BC-459A-A766-DFB780AA55BC}"
EndProject
Project("{FAE04EC0-301F-11D3-BF4B-00C04F79EFBC}") = "Business", "Negocio\Business.csproj", "{AD3AA6B6-7B97-400A-A6C6-BE779CE48142}"
EndProject
Project("{FAE04EC0-301F-11D3-BF4B-00C04F79EFBC}") = "IoC", "IoC\IoC.csproj", "{E466CE9D-A7A2-4217-B345-6D271E178E4C}"
EndProject
Project("{FAE04EC0-301F-11D3-BF4B-00C04F79EFBC}") = "Data", "Persistencia\Data.csproj", "{8721F0DE-1064-4778-8E5C-369A2FE84193}"
EndProject
Global
	GlobalSection(SolutionConfigurationPlatforms) = preSolution
		Debug|Any CPU = Debug|Any CPU
		Release|Any CPU = Release|Any CPU
	EndGlobalSection
	GlobalSection(ProjectConfigurationPlatforms) = postSolution
		{3AC14506-C3BC-459A-A766-DFB780AA55BC}.Debug|Any CPU.ActiveCfg = Debug|Any CPU
		{3AC14506-C3BC-459A-A766-DFB780AA55BC}.Debug|Any CPU.Build.0 = Debug|Any CPU
		{3AC14506-C3BC-459A-A766-DFB780AA55BC}.Release|Any CPU.ActiveCfg = Release|Any CPU
		{3AC14506-C3BC-459A-A766-DFB780AA55BC}.Release|Any CPU.Build.0 = Release|Any CPU
		{AD3AA6B6-7B97-400A-A6C6-BE779CE48142}.Debug|Any CPU.ActiveCfg = Debug|Any CPU
		{AD3AA6B6-7B97-400A-A6C6-BE779CE48142}.Debug|Any CPU.Build.0 = Debug|Any CPU
		{AD3AA6B6-7B97-400A-A6C6-BE779CE48142}.Release|Any CPU.ActiveCfg = Release|Any CPU
		{AD3AA6B6-7B97-400A-A6C6-BE779CE48142}.Release|Any CPU.Build.0 = Release|Any CPU
		{E466CE9D-A7A2-4217-B345-6D271E178E4C}.Debug|Any CPU.ActiveCfg = Debug|Any CPU
		{E466CE9D-A7A2-4217-B345-6D271E178E4C}.Debug|Any CPU.Build.0 = Debug|Any CPU
		{E466CE9D-A7A2-4217-B345-6D271E178E4C}.Release|Any CPU.ActiveCfg = Release|Any CPU
		{E466CE9D-A7A2-4217-B345-6D271E178E4C}.Release|Any CPU.Build.0 = Release|Any CPU
		{8721F0DE-1064-4778-8E5C-369A2FE84193}.Debug|Any CPU.ActiveCfg = Debug|Any CPU
		{8721F0DE-1064-4778-8E5C-369A2FE84193}.Debug|Any CPU.Build.0 = Debug|Any CPU
		{8721F0DE-1064-4778-8E5C-369A2FE84193}.Release|Any CPU.ActiveCfg = Release|Any CPU
		{8721F0DE-1064-4778-8E5C-369A2FE84193}.Release|Any CPU.Build.0 = Release|Any CPU
	EndGlobalSection
	GlobalSection(SolutionProperties) = preSolution
		HideSolutionNode = FALSE
	EndGlobalSection
	GlobalSection(ExtensibilityGlobals) = postSolution
		SolutionGuid = {82C4C895-7634-45FE-BA58-1D360C0D643E}
	EndGlobalSection
EndGlobal
